
Microsoft Visual Studio Solution File, Format Version 12.00
# Visual Studio Version 16
VisualStudioVersion = 16.0.30320.27
MinimumVisualStudioVersion = 10.0.40219.1
Project("{FAE04EC0-301F-11D3-BF4B-00C04F79EFBC}") = "BakeryProject", "BakeryProject\BakeryProject.csproj", "{975414BF-313A-47BC-8CE6-869B25A6AD56}"
EndProject
Global
	GlobalSection(SolutionConfigurationPlatforms) = preSolution
		Debug|Any CPU = Debug|Any CPU
		Release|Any CPU = Release|Any CPU
	EndGlobalSection
	GlobalSection(ProjectConfigurationPlatforms) = postSolution
		{975414BF-313A-47BC-8CE6-869B25A6AD56}.Debug|Any CPU.ActiveCfg = Debug|Any CPU
		{975414BF-313A-47BC-8CE6-869B25A6AD56}.Debug|Any CPU.Build.0 = Debug|Any CPU
		{975414BF-313A-47BC-8CE6-869B25A6AD56}.Release|Any CPU.ActiveCfg = Release|Any CPU
		{975414BF-313A-47BC-8CE6-869B25A6AD56}.Release|Any CPU.Build.0 = Release|Any CPU
	EndGlobalSection
	GlobalSection(SolutionProperties) = preSolution
		HideSolutionNode = FALSE
	EndGlobalSection
	GlobalSection(ExtensibilityGlobals) = postSolution
		SolutionGuid = {ADAED0B4-EB3B-4384-A79E-AB2EB961D5BC}
	EndGlobalSection
EndGlobal
